
Microsoft Visual Studio Solution File, Format Version 12.00
Project("{FAE04EC0-301F-11D3-BF4B-00C04F79EFBC}") = "TeamTasks", "TeamTasks\TeamTasks.csproj", "{9ACAEB7B-3B76-4AE6-AD14-8C7EE461B84D}"
EndProject
Project("{2150E333-8FDC-42A3-9474-1A3956D46DE8}") = "Solution Items", "Solution Items", "{EA47AE5E-1120-481A-9F30-EEC3A3742D72}"
	ProjectSection(SolutionItems) = preProject
		docker-compose.yml = docker-compose.yml
	EndProjectSection
EndProject
Project("{2150E333-8FDC-42A3-9474-1A3956D46DE8}") = "Identity", "Identity", "{6FB427ED-FA93-4103-B8B9-695B6E84BB36}"
EndProject
Project("{2150E333-8FDC-42A3-9474-1A3956D46DE8}") = "Task", "Task", "{937D7A73-5389-4278-83F5-99CFA770D6EE}"
EndProject
Project("{2150E333-8FDC-42A3-9474-1A3956D46DE8}") = "Common", "Common", "{8AE43447-9066-415F-BF4C-C002EEC8DBE9}"
EndProject
Project("{2150E333-8FDC-42A3-9474-1A3956D46DE8}") = "Web", "Web", "{EA54C75A-8334-4384-80B0-86BF669744A7}"
EndProject
Project("{FAE04EC0-301F-11D3-BF4B-00C04F79EFBC}") = "TeamTasks.Web", "TeamTasks.Web\TeamTasks.Web.csproj", "{00D54CB8-E284-498C-9ACA-0C4A41990403}"
EndProject
Project("{FAE04EC0-301F-11D3-BF4B-00C04F79EFBC}") = "TeamTasks.Tasks.Api", "TeamTasks.Tasks.Api\TeamTasks.Tasks.Api.csproj", "{F0BCD1FA-3350-45AC-864E-2F7D81D938E1}"
EndProject
Project("{FAE04EC0-301F-11D3-BF4B-00C04F79EFBC}") = "TeamTasks.Tasks.Domain", "TeamTasks.Tasks.Domain\TeamTasks.Tasks.Domain.csproj", "{0F97239D-086F-468A-938B-C82500F846F7}"
EndProject
Project("{FAE04EC0-301F-11D3-BF4B-00C04F79EFBC}") = "TeamTasks.Tasks.Application", "TeamTasks.Tasks.Application\TeamTasks.Tasks.Application.csproj", "{C3D20E14-24B5-46FC-85D0-2D034056F13F}"
EndProject
Project("{FAE04EC0-301F-11D3-BF4B-00C04F79EFBC}") = "TeamTasks.Tasks.Persistence", "TeamTasks.Tasks.Persistence\TeamTasks.Tasks.Persistence.csproj", "{BFED1035-0027-4686-9F7E-D462A58A2B64}"
EndProject
Project("{FAE04EC0-301F-11D3-BF4B-00C04F79EFBC}") = "TeamTasks.Tasks.IntegrationEvents", "TeamTasks.Tasks.IntegrationEvents\TeamTasks.Tasks.IntegrationEvents.csproj", "{7319D85F-7357-4D55-B028-0CB599F634F8}"
EndProject
Project("{FAE04EC0-301F-11D3-BF4B-00C04F79EFBC}") = "TeamTasks.Tasks.Infrastructure", "TeamTasks.Tasks.Infrastructure\TeamTasks.Tasks.Infrastructure.csproj", "{86E8588C-7CCB-4872-B753-0F63AFCA1DB7}"
EndProject
Project("{FAE04EC0-301F-11D3-BF4B-00C04F79EFBC}") = "TeamTasks.Tasks.Contracts", "TeamTasks.Tasks.Contracts\TeamTasks.Tasks.Contracts.csproj", "{18C0A8AF-6605-4FEA-B3D3-EDE8FE4DA393}"
EndProject
Project("{2150E333-8FDC-42A3-9474-1A3956D46DE8}") = "Tests", "Tests", "{7503DD79-10AB-451F-8B1D-B9DB8943DC60}"
EndProject
Project("{FAE04EC0-301F-11D3-BF4B-00C04F79EFBC}") = "TeamTasks.Identity.Api", "TeamTasks.Identity.Api\TeamTasks.Identity.Api.csproj", "{EB776DEC-035F-42B4-92B3-869BF3C29E43}"
EndProject
Project("{FAE04EC0-301F-11D3-BF4B-00C04F79EFBC}") = "TeamTasks.Identity.Domain", "TeamTasks.Identity.Domain\TeamTasks.Identity.Domain.csproj", "{E7DA9821-B870-4679-B21A-5171302CF7E7}"
EndProject
Project("{FAE04EC0-301F-11D3-BF4B-00C04F79EFBC}") = "TeamTasks.Identity.Application", "TeamTasks.Identity.Application\TeamTasks.Identity.Application.csproj", "{3C9E16A1-A9F6-4EAB-B1A7-D327705B7F19}"
EndProject
Project("{FAE04EC0-301F-11D3-BF4B-00C04F79EFBC}") = "TeamTasks.Identity.Contracts", "TeamTasks.Identity.Contracts\TeamTasks.Identity.Contracts.csproj", "{8CA7B7D0-2241-4787-B553-ADD604DF9E13}"
EndProject
Project("{FAE04EC0-301F-11D3-BF4B-00C04F79EFBC}") = "TeamTasks.Identity.Infrastructure", "TeamTasks.Identity.Infrastructure\TeamTasks.Identity.Infrastructure.csproj", "{F135C13B-69BD-4352-B331-021D4E9837BC}"
EndProject
Project("{FAE04EC0-301F-11D3-BF4B-00C04F79EFBC}") = "TeamTasks.Identity.IntegrationEvents", "TeamTasks.Identity.IntegrationEvents\TeamTasks.Identity.IntegrationEvents.csproj", "{1099AED8-6EFD-4E9B-A404-3B6AEAE2990C}"
EndProject
Project("{FAE04EC0-301F-11D3-BF4B-00C04F79EFBC}") = "TeamTasks.Identity.Persistence", "TeamTasks.Identity.Persistence\TeamTasks.Identity.Persistence.csproj", "{A99C65FB-7589-4FB6-8947-97F74FFD85B0}"
EndProject
Project("{FAE04EC0-301F-11D3-BF4B-00C04F79EFBC}") = "TeamTasks.Application", "TeamTasks.Application\TeamTasks.Application.csproj", "{74F3E355-1794-4E8B-A999-7AF95F981916}"
EndProject
Project("{FAE04EC0-301F-11D3-BF4B-00C04F79EFBC}") = "TeamTasks.Domain", "TeamTasks.Domain\TeamTasks.Domain.csproj", "{005154F0-CC3F-48DA-B2FC-9904F9AC6DAF}"
EndProject
Project("{FAE04EC0-301F-11D3-BF4B-00C04F79EFBC}") = "TeamTasks.Infrastructure", "TeamTasks.Infrastructure\TeamTasks.Infrastructure.csproj", "{36F7AE43-2288-45AF-BFA6-BFE1BB441797}"
EndProject
Project("{FAE04EC0-301F-11D3-BF4B-00C04F79EFBC}") = "TeamTasks.Contracts", "TeamTasks.Contracts\TeamTasks.Contracts.csproj", "{DE246544-DEE0-44BC-877A-13DE77648F6D}"
EndProject
Project("{FAE04EC0-301F-11D3-BF4B-00C04F79EFBC}") = "TeamTasks.Persistence", "TeamTasks.Persistence\TeamTasks.Persistence.csproj", "{7C02DA39-5506-42F5-A4C8-0B9103C3123B}"
EndProject
Project("{2150E333-8FDC-42A3-9474-1A3956D46DE8}") = "Services", "Services", "{C9A4990A-9558-4740-BE41-CBC0E16622B8}"
EndProject
Project("{FAE04EC0-301F-11D3-BF4B-00C04F79EFBC}") = "TeamTasks.Cache", "TeamTasks.Cache\TeamTasks.Cache.csproj", "{0DB170F2-B5CC-4B3E-B9AD-5F1FFA772012}"
EndProject
Project("{FAE04EC0-301F-11D3-BF4B-00C04F79EFBC}") = "TeamTasks.RabbitMq", "TeamTasks.RabbitMq\TeamTasks.RabbitMq.csproj", "{441EE420-8028-448B-9603-9CF9ACAA4F0A}"
EndProject
Project("{FAE04EC0-301F-11D3-BF4B-00C04F79EFBC}") = "TeamTasks.Email", "TeamTasks.Email\TeamTasks.Email.csproj", "{0D943BD6-551D-4A7A-8B76-86AED848E9F7}"
EndProject
Project("{FAE04EC0-301F-11D3-BF4B-00C04F79EFBC}") = "TeamTasks.Database.MetricsAndRabbitMessages", "TeamTasks.Database.MetricsAndRabbitMessages\TeamTasks.Database.MetricsAndRabbitMessages.csproj", "{0F4B899D-F9F2-4371-BCCE-723FF2009174}"
EndProject
Project("{2150E333-8FDC-42A3-9474-1A3956D46DE8}") = "Tests", "Tests", "{BDA6CA25-920A-4CCF-8EC9-8C2746FEC1A7}"
EndProject
Project("{FAE04EC0-301F-11D3-BF4B-00C04F79EFBC}") = "TeamTasks.Common.Tests", "TeamTasks.Common.Tests\TeamTasks.Common.Tests.csproj", "{AF4D09F8-BBEA-4072-A78E-E00809DAD7BE}"
EndProject
Project("{FAE04EC0-301F-11D3-BF4B-00C04F79EFBC}") = "TeamTasks.BackgroundTasks", "TeamTasks.BackgroundTasks\TeamTasks.BackgroundTasks.csproj", "{B2B9E91B-F5EE-4192-87E1-C3CDD37C3B0E}"
EndProject
Project("{2150E333-8FDC-42A3-9474-1A3956D46DE8}") = "GateWay", "GateWay", "{086CC580-87A8-483F-A97B-022B50C3E3D9}"
EndProject
Global
	GlobalSection(SolutionConfigurationPlatforms) = preSolution
		Debug|Any CPU = Debug|Any CPU
		Release|Any CPU = Release|Any CPU
	EndGlobalSection
	GlobalSection(ProjectConfigurationPlatforms) = postSolution
		{9ACAEB7B-3B76-4AE6-AD14-8C7EE461B84D}.Debug|Any CPU.ActiveCfg = Debug|Any CPU
		{9ACAEB7B-3B76-4AE6-AD14-8C7EE461B84D}.Debug|Any CPU.Build.0 = Debug|Any CPU
		{9ACAEB7B-3B76-4AE6-AD14-8C7EE461B84D}.Release|Any CPU.ActiveCfg = Release|Any CPU
		{9ACAEB7B-3B76-4AE6-AD14-8C7EE461B84D}.Release|Any CPU.Build.0 = Release|Any CPU
		{00D54CB8-E284-498C-9ACA-0C4A41990403}.Debug|Any CPU.ActiveCfg = Debug|Any CPU
		{00D54CB8-E284-498C-9ACA-0C4A41990403}.Debug|Any CPU.Build.0 = Debug|Any CPU
		{00D54CB8-E284-498C-9ACA-0C4A41990403}.Release|Any CPU.ActiveCfg = Release|Any CPU
		{00D54CB8-E284-498C-9ACA-0C4A41990403}.Release|Any CPU.Build.0 = Release|Any CPU
		{F0BCD1FA-3350-45AC-864E-2F7D81D938E1}.Debug|Any CPU.ActiveCfg = Debug|Any CPU
		{F0BCD1FA-3350-45AC-864E-2F7D81D938E1}.Debug|Any CPU.Build.0 = Debug|Any CPU
		{F0BCD1FA-3350-45AC-864E-2F7D81D938E1}.Release|Any CPU.ActiveCfg = Release|Any CPU
		{F0BCD1FA-3350-45AC-864E-2F7D81D938E1}.Release|Any CPU.Build.0 = Release|Any CPU
		{0F97239D-086F-468A-938B-C82500F846F7}.Debug|Any CPU.ActiveCfg = Debug|Any CPU
		{0F97239D-086F-468A-938B-C82500F846F7}.Debug|Any CPU.Build.0 = Debug|Any CPU
		{0F97239D-086F-468A-938B-C82500F846F7}.Release|Any CPU.ActiveCfg = Release|Any CPU
		{0F97239D-086F-468A-938B-C82500F846F7}.Release|Any CPU.Build.0 = Release|Any CPU
		{C3D20E14-24B5-46FC-85D0-2D034056F13F}.Debug|Any CPU.ActiveCfg = Debug|Any CPU
		{C3D20E14-24B5-46FC-85D0-2D034056F13F}.Debug|Any CPU.Build.0 = Debug|Any CPU
		{C3D20E14-24B5-46FC-85D0-2D034056F13F}.Release|Any CPU.ActiveCfg = Release|Any CPU
		{C3D20E14-24B5-46FC-85D0-2D034056F13F}.Release|Any CPU.Build.0 = Release|Any CPU
		{BFED1035-0027-4686-9F7E-D462A58A2B64}.Debug|Any CPU.ActiveCfg = Debug|Any CPU
		{BFED1035-0027-4686-9F7E-D462A58A2B64}.Debug|Any CPU.Build.0 = Debug|Any CPU
		{BFED1035-0027-4686-9F7E-D462A58A2B64}.Release|Any CPU.ActiveCfg = Release|Any CPU
		{BFED1035-0027-4686-9F7E-D462A58A2B64}.Release|Any CPU.Build.0 = Release|Any CPU
		{7319D85F-7357-4D55-B028-0CB599F634F8}.Debug|Any CPU.ActiveCfg = Debug|Any CPU
		{7319D85F-7357-4D55-B028-0CB599F634F8}.Debug|Any CPU.Build.0 = Debug|Any CPU
		{7319D85F-7357-4D55-B028-0CB599F634F8}.Release|Any CPU.ActiveCfg = Release|Any CPU
		{7319D85F-7357-4D55-B028-0CB599F634F8}.Release|Any CPU.Build.0 = Release|Any CPU
		{86E8588C-7CCB-4872-B753-0F63AFCA1DB7}.Debug|Any CPU.ActiveCfg = Debug|Any CPU
		{86E8588C-7CCB-4872-B753-0F63AFCA1DB7}.Debug|Any CPU.Build.0 = Debug|Any CPU
		{86E8588C-7CCB-4872-B753-0F63AFCA1DB7}.Release|Any CPU.ActiveCfg = Release|Any CPU
		{86E8588C-7CCB-4872-B753-0F63AFCA1DB7}.Release|Any CPU.Build.0 = Release|Any CPU
		{18C0A8AF-6605-4FEA-B3D3-EDE8FE4DA393}.Debug|Any CPU.ActiveCfg = Debug|Any CPU
		{18C0A8AF-6605-4FEA-B3D3-EDE8FE4DA393}.Debug|Any CPU.Build.0 = Debug|Any CPU
		{18C0A8AF-6605-4FEA-B3D3-EDE8FE4DA393}.Release|Any CPU.ActiveCfg = Release|Any CPU
		{18C0A8AF-6605-4FEA-B3D3-EDE8FE4DA393}.Release|Any CPU.Build.0 = Release|Any CPU
		{EB776DEC-035F-42B4-92B3-869BF3C29E43}.Debug|Any CPU.ActiveCfg = Debug|Any CPU
		{EB776DEC-035F-42B4-92B3-869BF3C29E43}.Debug|Any CPU.Build.0 = Debug|Any CPU
		{EB776DEC-035F-42B4-92B3-869BF3C29E43}.Release|Any CPU.ActiveCfg = Release|Any CPU
		{EB776DEC-035F-42B4-92B3-869BF3C29E43}.Release|Any CPU.Build.0 = Release|Any CPU
		{E7DA9821-B870-4679-B21A-5171302CF7E7}.Debug|Any CPU.ActiveCfg = Debug|Any CPU
		{E7DA9821-B870-4679-B21A-5171302CF7E7}.Debug|Any CPU.Build.0 = Debug|Any CPU
		{E7DA9821-B870-4679-B21A-5171302CF7E7}.Release|Any CPU.ActiveCfg = Release|Any CPU
		{E7DA9821-B870-4679-B21A-5171302CF7E7}.Release|Any CPU.Build.0 = Release|Any CPU
		{3C9E16A1-A9F6-4EAB-B1A7-D327705B7F19}.Debug|Any CPU.ActiveCfg = Debug|Any CPU
		{3C9E16A1-A9F6-4EAB-B1A7-D327705B7F19}.Debug|Any CPU.Build.0 = Debug|Any CPU
		{3C9E16A1-A9F6-4EAB-B1A7-D327705B7F19}.Release|Any CPU.ActiveCfg = Release|Any CPU
		{3C9E16A1-A9F6-4EAB-B1A7-D327705B7F19}.Release|Any CPU.Build.0 = Release|Any CPU
		{8CA7B7D0-2241-4787-B553-ADD604DF9E13}.Debug|Any CPU.ActiveCfg = Debug|Any CPU
		{8CA7B7D0-2241-4787-B553-ADD604DF9E13}.Debug|Any CPU.Build.0 = Debug|Any CPU
		{8CA7B7D0-2241-4787-B553-ADD604DF9E13}.Release|Any CPU.ActiveCfg = Release|Any CPU
		{8CA7B7D0-2241-4787-B553-ADD604DF9E13}.Release|Any CPU.Build.0 = Release|Any CPU
		{F135C13B-69BD-4352-B331-021D4E9837BC}.Debug|Any CPU.ActiveCfg = Debug|Any CPU
		{F135C13B-69BD-4352-B331-021D4E9837BC}.Debug|Any CPU.Build.0 = Debug|Any CPU
		{F135C13B-69BD-4352-B331-021D4E9837BC}.Release|Any CPU.ActiveCfg = Release|Any CPU
		{F135C13B-69BD-4352-B331-021D4E9837BC}.Release|Any CPU.Build.0 = Release|Any CPU
		{1099AED8-6EFD-4E9B-A404-3B6AEAE2990C}.Debug|Any CPU.ActiveCfg = Debug|Any CPU
		{1099AED8-6EFD-4E9B-A404-3B6AEAE2990C}.Debug|Any CPU.Build.0 = Debug|Any CPU
		{1099AED8-6EFD-4E9B-A404-3B6AEAE2990C}.Release|Any CPU.ActiveCfg = Release|Any CPU
		{1099AED8-6EFD-4E9B-A404-3B6AEAE2990C}.Release|Any CPU.Build.0 = Release|Any CPU
		{A99C65FB-7589-4FB6-8947-97F74FFD85B0}.Debug|Any CPU.ActiveCfg = Debug|Any CPU
		{A99C65FB-7589-4FB6-8947-97F74FFD85B0}.Debug|Any CPU.Build.0 = Debug|Any CPU
		{A99C65FB-7589-4FB6-8947-97F74FFD85B0}.Release|Any CPU.ActiveCfg = Release|Any CPU
		{A99C65FB-7589-4FB6-8947-97F74FFD85B0}.Release|Any CPU.Build.0 = Release|Any CPU
		{74F3E355-1794-4E8B-A999-7AF95F981916}.Debug|Any CPU.ActiveCfg = Debug|Any CPU
		{74F3E355-1794-4E8B-A999-7AF95F981916}.Debug|Any CPU.Build.0 = Debug|Any CPU
		{74F3E355-1794-4E8B-A999-7AF95F981916}.Release|Any CPU.ActiveCfg = Release|Any CPU
		{74F3E355-1794-4E8B-A999-7AF95F981916}.Release|Any CPU.Build.0 = Release|Any CPU
		{005154F0-CC3F-48DA-B2FC-9904F9AC6DAF}.Debug|Any CPU.ActiveCfg = Debug|Any CPU
		{005154F0-CC3F-48DA-B2FC-9904F9AC6DAF}.Debug|Any CPU.Build.0 = Debug|Any CPU
		{005154F0-CC3F-48DA-B2FC-9904F9AC6DAF}.Release|Any CPU.ActiveCfg = Release|Any CPU
		{005154F0-CC3F-48DA-B2FC-9904F9AC6DAF}.Release|Any CPU.Build.0 = Release|Any CPU
		{36F7AE43-2288-45AF-BFA6-BFE1BB441797}.Debug|Any CPU.ActiveCfg = Debug|Any CPU
		{36F7AE43-2288-45AF-BFA6-BFE1BB441797}.Debug|Any CPU.Build.0 = Debug|Any CPU
		{36F7AE43-2288-45AF-BFA6-BFE1BB441797}.Release|Any CPU.ActiveCfg = Release|Any CPU
		{36F7AE43-2288-45AF-BFA6-BFE1BB441797}.Release|Any CPU.Build.0 = Release|Any CPU
		{DE246544-DEE0-44BC-877A-13DE77648F6D}.Debug|Any CPU.ActiveCfg = Debug|Any CPU
		{DE246544-DEE0-44BC-877A-13DE77648F6D}.Debug|Any CPU.Build.0 = Debug|Any CPU
		{DE246544-DEE0-44BC-877A-13DE77648F6D}.Release|Any CPU.ActiveCfg = Release|Any CPU
		{DE246544-DEE0-44BC-877A-13DE77648F6D}.Release|Any CPU.Build.0 = Release|Any CPU
		{7C02DA39-5506-42F5-A4C8-0B9103C3123B}.Debug|Any CPU.ActiveCfg = Debug|Any CPU
		{7C02DA39-5506-42F5-A4C8-0B9103C3123B}.Debug|Any CPU.Build.0 = Debug|Any CPU
		{7C02DA39-5506-42F5-A4C8-0B9103C3123B}.Release|Any CPU.ActiveCfg = Release|Any CPU
		{7C02DA39-5506-42F5-A4C8-0B9103C3123B}.Release|Any CPU.Build.0 = Release|Any CPU
		{0DB170F2-B5CC-4B3E-B9AD-5F1FFA772012}.Debug|Any CPU.ActiveCfg = Debug|Any CPU
		{0DB170F2-B5CC-4B3E-B9AD-5F1FFA772012}.Debug|Any CPU.Build.0 = Debug|Any CPU
		{0DB170F2-B5CC-4B3E-B9AD-5F1FFA772012}.Release|Any CPU.ActiveCfg = Release|Any CPU
		{0DB170F2-B5CC-4B3E-B9AD-5F1FFA772012}.Release|Any CPU.Build.0 = Release|Any CPU
		{441EE420-8028-448B-9603-9CF9ACAA4F0A}.Debug|Any CPU.ActiveCfg = Debug|Any CPU
		{441EE420-8028-448B-9603-9CF9ACAA4F0A}.Debug|Any CPU.Build.0 = Debug|Any CPU
		{441EE420-8028-448B-9603-9CF9ACAA4F0A}.Release|Any CPU.ActiveCfg = Release|Any CPU
		{441EE420-8028-448B-9603-9CF9ACAA4F0A}.Release|Any CPU.Build.0 = Release|Any CPU
		{0D943BD6-551D-4A7A-8B76-86AED848E9F7}.Debug|Any CPU.ActiveCfg = Debug|Any CPU
		{0D943BD6-551D-4A7A-8B76-86AED848E9F7}.Debug|Any CPU.Build.0 = Debug|Any CPU
		{0D943BD6-551D-4A7A-8B76-86AED848E9F7}.Release|Any CPU.ActiveCfg = Release|Any CPU
		{0D943BD6-551D-4A7A-8B76-86AED848E9F7}.Release|Any CPU.Build.0 = Release|Any CPU
		{0F4B899D-F9F2-4371-BCCE-723FF2009174}.Debug|Any CPU.ActiveCfg = Debug|Any CPU
		{0F4B899D-F9F2-4371-BCCE-723FF2009174}.Debug|Any CPU.Build.0 = Debug|Any CPU
		{0F4B899D-F9F2-4371-BCCE-723FF2009174}.Release|Any CPU.ActiveCfg = Release|Any CPU
		{0F4B899D-F9F2-4371-BCCE-723FF2009174}.Release|Any CPU.Build.0 = Release|Any CPU
		{AF4D09F8-BBEA-4072-A78E-E00809DAD7BE}.Debug|Any CPU.ActiveCfg = Debug|Any CPU
		{AF4D09F8-BBEA-4072-A78E-E00809DAD7BE}.Debug|Any CPU.Build.0 = Debug|Any CPU
		{AF4D09F8-BBEA-4072-A78E-E00809DAD7BE}.Release|Any CPU.ActiveCfg = Release|Any CPU
		{AF4D09F8-BBEA-4072-A78E-E00809DAD7BE}.Release|Any CPU.Build.0 = Release|Any CPU
		{B2B9E91B-F5EE-4192-87E1-C3CDD37C3B0E}.Debug|Any CPU.ActiveCfg = Debug|Any CPU
		{B2B9E91B-F5EE-4192-87E1-C3CDD37C3B0E}.Debug|Any CPU.Build.0 = Debug|Any CPU
		{B2B9E91B-F5EE-4192-87E1-C3CDD37C3B0E}.Release|Any CPU.ActiveCfg = Release|Any CPU
		{B2B9E91B-F5EE-4192-87E1-C3CDD37C3B0E}.Release|Any CPU.Build.0 = Release|Any CPU
	EndGlobalSection
	GlobalSection(NestedProjects) = preSolution
		{00D54CB8-E284-498C-9ACA-0C4A41990403} = {EA54C75A-8334-4384-80B0-86BF669744A7}
		{F0BCD1FA-3350-45AC-864E-2F7D81D938E1} = {937D7A73-5389-4278-83F5-99CFA770D6EE}
		{0F97239D-086F-468A-938B-C82500F846F7} = {937D7A73-5389-4278-83F5-99CFA770D6EE}
		{C3D20E14-24B5-46FC-85D0-2D034056F13F} = {937D7A73-5389-4278-83F5-99CFA770D6EE}
		{BFED1035-0027-4686-9F7E-D462A58A2B64} = {937D7A73-5389-4278-83F5-99CFA770D6EE}
		{7319D85F-7357-4D55-B028-0CB599F634F8} = {937D7A73-5389-4278-83F5-99CFA770D6EE}
		{86E8588C-7CCB-4872-B753-0F63AFCA1DB7} = {937D7A73-5389-4278-83F5-99CFA770D6EE}
		{18C0A8AF-6605-4FEA-B3D3-EDE8FE4DA393} = {937D7A73-5389-4278-83F5-99CFA770D6EE}
		{7503DD79-10AB-451F-8B1D-B9DB8943DC60} = {937D7A73-5389-4278-83F5-99CFA770D6EE}
		{EB776DEC-035F-42B4-92B3-869BF3C29E43} = {6FB427ED-FA93-4103-B8B9-695B6E84BB36}
		{E7DA9821-B870-4679-B21A-5171302CF7E7} = {6FB427ED-FA93-4103-B8B9-695B6E84BB36}
		{3C9E16A1-A9F6-4EAB-B1A7-D327705B7F19} = {6FB427ED-FA93-4103-B8B9-695B6E84BB36}
		{8CA7B7D0-2241-4787-B553-ADD604DF9E13} = {6FB427ED-FA93-4103-B8B9-695B6E84BB36}
		{F135C13B-69BD-4352-B331-021D4E9837BC} = {6FB427ED-FA93-4103-B8B9-695B6E84BB36}
		{1099AED8-6EFD-4E9B-A404-3B6AEAE2990C} = {6FB427ED-FA93-4103-B8B9-695B6E84BB36}
		{A99C65FB-7589-4FB6-8947-97F74FFD85B0} = {6FB427ED-FA93-4103-B8B9-695B6E84BB36}
		{74F3E355-1794-4E8B-A999-7AF95F981916} = {8AE43447-9066-415F-BF4C-C002EEC8DBE9}
		{005154F0-CC3F-48DA-B2FC-9904F9AC6DAF} = {8AE43447-9066-415F-BF4C-C002EEC8DBE9}
		{36F7AE43-2288-45AF-BFA6-BFE1BB441797} = {8AE43447-9066-415F-BF4C-C002EEC8DBE9}
		{DE246544-DEE0-44BC-877A-13DE77648F6D} = {8AE43447-9066-415F-BF4C-C002EEC8DBE9}
		{7C02DA39-5506-42F5-A4C8-0B9103C3123B} = {8AE43447-9066-415F-BF4C-C002EEC8DBE9}
		{C9A4990A-9558-4740-BE41-CBC0E16622B8} = {8AE43447-9066-415F-BF4C-C002EEC8DBE9}
		{0DB170F2-B5CC-4B3E-B9AD-5F1FFA772012} = {C9A4990A-9558-4740-BE41-CBC0E16622B8}
		{441EE420-8028-448B-9603-9CF9ACAA4F0A} = {C9A4990A-9558-4740-BE41-CBC0E16622B8}
		{0D943BD6-551D-4A7A-8B76-86AED848E9F7} = {C9A4990A-9558-4740-BE41-CBC0E16622B8}
		{0F4B899D-F9F2-4371-BCCE-723FF2009174} = {8AE43447-9066-415F-BF4C-C002EEC8DBE9}
		{BDA6CA25-920A-4CCF-8EC9-8C2746FEC1A7} = {8AE43447-9066-415F-BF4C-C002EEC8DBE9}
		{AF4D09F8-BBEA-4072-A78E-E00809DAD7BE} = {BDA6CA25-920A-4CCF-8EC9-8C2746FEC1A7}
		{B2B9E91B-F5EE-4192-87E1-C3CDD37C3B0E} = {8AE43447-9066-415F-BF4C-C002EEC8DBE9}
	EndGlobalSection
EndGlobal
